
Microsoft Visual Studio Solution File, Format Version 12.00
# Visual Studio Version 17
VisualStudioVersion = 17.14.36908.2
MinimumVisualStudioVersion = 10.0.40219.1
Project("{FAE04EC0-301F-11D3-BF4B-00C04F79EFBC}") = "MovieCatalog", "MovieCatalog\MovieCatalog.csproj", "{B0D0495C-3207-49E4-96A6-8D4D23121F5F}"
EndProject
Global
	GlobalSection(SolutionConfigurationPlatforms) = preSolution
		Debug|Any CPU = Debug|Any CPU
		Release|Any CPU = Release|Any CPU
	EndGlobalSection
	GlobalSection(ProjectConfigurationPlatforms) = postSolution
		{B0D0495C-3207-49E4-96A6-8D4D23121F5F}.Debug|Any CPU.ActiveCfg = Debug|Any CPU
		{B0D0495C-3207-49E4-96A6-8D4D23121F5F}.Debug|Any CPU.Build.0 = Debug|Any CPU
		{B0D0495C-3207-49E4-96A6-8D4D23121F5F}.Release|Any CPU.ActiveCfg = Release|Any CPU
		{B0D0495C-3207-49E4-96A6-8D4D23121F5F}.Release|Any CPU.Build.0 = Release|Any CPU
	EndGlobalSection
	GlobalSection(SolutionProperties) = preSolution
		HideSolutionNode = FALSE
	EndGlobalSection
	GlobalSection(ExtensibilityGlobals) = postSolution
		SolutionGuid = {6300A69F-B3A3-4E2B-BD70-712F7364CC88}
	EndGlobalSection
EndGlobal
